
Microsoft Visual Studio Solution File, Format Version 12.00
# Visual Studio Version 16
VisualStudioVersion = 16.0.31019.35
MinimumVisualStudioVersion = 10.0.40219.1
Project("{9A19103F-16F7-4668-BE54-9A1E7A4F7556}") = "WPF-MVVM-Base", "WPF-MVVM-Base.csproj", "{1F1D8C0E-EC67-470C-A661-C55F548EBD93}"
EndProject
Global
	GlobalSection(SolutionConfigurationPlatforms) = preSolution
		Debug|Any CPU = Debug|Any CPU
		Release|Any CPU = Release|Any CPU
	EndGlobalSection
	GlobalSection(ProjectConfigurationPlatforms) = postSolution
		{1F1D8C0E-EC67-470C-A661-C55F548EBD93}.Debug|Any CPU.ActiveCfg = Debug|Any CPU
		{1F1D8C0E-EC67-470C-A661-C55F548EBD93}.Debug|Any CPU.Build.0 = Debug|Any CPU
		{1F1D8C0E-EC67-470C-A661-C55F548EBD93}.Release|Any CPU.ActiveCfg = Release|Any CPU
		{1F1D8C0E-EC67-470C-A661-C55F548EBD93}.Release|Any CPU.Build.0 = Release|Any CPU
	EndGlobalSection
	GlobalSection(SolutionProperties) = preSolution
		HideSolutionNode = FALSE
	EndGlobalSection
	GlobalSection(ExtensibilityGlobals) = postSolution
		SolutionGuid = {163B8158-3E0D-4263-9DD2-E930A66E9ED9}
	EndGlobalSection
EndGlobal
